
Microsoft Visual Studio Solution File, Format Version 12.00
# Visual Studio Version 17
VisualStudioVersion = 17.2.32526.322
MinimumVisualStudioVersion = 10.0.40219.1
Project("{FAE04EC0-301F-11D3-BF4B-00C04F79EFBC}") = "Celestin.API", "Celestin.API\Celestin.API.csproj", "{5E55623A-1B54-4AA7-9910-F79B7B341252}"
EndProject
Global
	GlobalSection(SolutionConfigurationPlatforms) = preSolution
		Debug|Any CPU = Debug|Any CPU
		Release|Any CPU = Release|Any CPU
	EndGlobalSection
	GlobalSection(ProjectConfigurationPlatforms) = postSolution
		{5E55623A-1B54-4AA7-9910-F79B7B341252}.Debug|Any CPU.ActiveCfg = Debug|Any CPU
		{5E55623A-1B54-4AA7-9910-F79B7B341252}.Debug|Any CPU.Build.0 = Debug|Any CPU
		{5E55623A-1B54-4AA7-9910-F79B7B341252}.Release|Any CPU.ActiveCfg = Release|Any CPU
		{5E55623A-1B54-4AA7-9910-F79B7B341252}.Release|Any CPU.Build.0 = Release|Any CPU
	EndGlobalSection
	GlobalSection(SolutionProperties) = preSolution
		HideSolutionNode = FALSE
	EndGlobalSection
	GlobalSection(ExtensibilityGlobals) = postSolution
		SolutionGuid = {151ADD00-4C11-49AD-AD14-0BF195860225}
	EndGlobalSection
EndGlobal
